
Microsoft Visual Studio Solution File, Format Version 12.00
# Visual Studio 15
Project("{FAE04EC0-301F-11D3-BF4B-00C04F79EFBC}") = "Assembly-CSharp", "Assembly-CSharp.csproj", "{CDB27F00-C59F-2ACB-FF18-944B3F76D102}"
EndProject
Project("{FAE04EC0-301F-11D3-BF4B-00C04F79EFBC}") = "Assembly-CSharp-Editor", "Assembly-CSharp-Editor.csproj", "{093CF37B-FB2F-94D2-85CD-06412DD41A9D}"
EndProject
Global
	GlobalSection(SolutionConfigurationPlatforms) = preSolution
		Debug|Any CPU = Debug|Any CPU
		Release|Any CPU = Release|Any CPU
	EndGlobalSection
	GlobalSection(ProjectConfigurationPlatforms) = postSolution
		{CDB27F00-C59F-2ACB-FF18-944B3F76D102}.Debug|Any CPU.ActiveCfg = Debug|Any CPU
		{CDB27F00-C59F-2ACB-FF18-944B3F76D102}.Debug|Any CPU.Build.0 = Debug|Any CPU
		{CDB27F00-C59F-2ACB-FF18-944B3F76D102}.Release|Any CPU.ActiveCfg = Release|Any CPU
		{CDB27F00-C59F-2ACB-FF18-944B3F76D102}.Release|Any CPU.Build.0 = Release|Any CPU
		{093CF37B-FB2F-94D2-85CD-06412DD41A9D}.Debug|Any CPU.ActiveCfg = Debug|Any CPU
		{093CF37B-FB2F-94D2-85CD-06412DD41A9D}.Debug|Any CPU.Build.0 = Debug|Any CPU
		{093CF37B-FB2F-94D2-85CD-06412DD41A9D}.Release|Any CPU.ActiveCfg = Release|Any CPU
		{093CF37B-FB2F-94D2-85CD-06412DD41A9D}.Release|Any CPU.Build.0 = Release|Any CPU
	EndGlobalSection
	GlobalSection(SolutionProperties) = preSolution
		HideSolutionNode = FALSE
	EndGlobalSection
EndGlobal
