
Microsoft Visual Studio Solution File, Format Version 12.00
# Visual Studio 15
Project("{FAE04EC0-301F-11D3-BF4B-00C04F79EFBC}") = "Assembly-CSharp", "Assembly-CSharp.csproj", "{CE90C1F3-7B3D-D150-109A-16BA5A933D4B}"
EndProject
Project("{FAE04EC0-301F-11D3-BF4B-00C04F79EFBC}") = "Assembly-CSharp-Editor", "Assembly-CSharp-Editor.csproj", "{1E716F33-21BA-9962-4EF7-00FCFC23964B}"
EndProject
Global
	GlobalSection(SolutionConfigurationPlatforms) = preSolution
		Debug|Any CPU = Debug|Any CPU
		Release|Any CPU = Release|Any CPU
	EndGlobalSection
	GlobalSection(ProjectConfigurationPlatforms) = postSolution
		{CE90C1F3-7B3D-D150-109A-16BA5A933D4B}.Debug|Any CPU.ActiveCfg = Debug|Any CPU
		{CE90C1F3-7B3D-D150-109A-16BA5A933D4B}.Debug|Any CPU.Build.0 = Debug|Any CPU
		{CE90C1F3-7B3D-D150-109A-16BA5A933D4B}.Release|Any CPU.ActiveCfg = Release|Any CPU
		{CE90C1F3-7B3D-D150-109A-16BA5A933D4B}.Release|Any CPU.Build.0 = Release|Any CPU
		{1E716F33-21BA-9962-4EF7-00FCFC23964B}.Debug|Any CPU.ActiveCfg = Debug|Any CPU
		{1E716F33-21BA-9962-4EF7-00FCFC23964B}.Debug|Any CPU.Build.0 = Debug|Any CPU
		{1E716F33-21BA-9962-4EF7-00FCFC23964B}.Release|Any CPU.ActiveCfg = Release|Any CPU
		{1E716F33-21BA-9962-4EF7-00FCFC23964B}.Release|Any CPU.Build.0 = Release|Any CPU
	EndGlobalSection
	GlobalSection(SolutionProperties) = preSolution
		HideSolutionNode = FALSE
	EndGlobalSection
EndGlobal
